
Microsoft Visual Studio Solution File, Format Version 12.00
# Visual Studio Version 16
VisualStudioVersion = 16.0.33328.57
MinimumVisualStudioVersion = 10.0.40219.1
Project("{FAE04EC0-301F-11D3-BF4B-00C04F79EFBC}") = "Method", "Method\Method.csproj", "{529153A6-DE94-4E2B-94D8-BFEB5D45994A}"
EndProject
Project("{FAE04EC0-301F-11D3-BF4B-00C04F79EFBC}") = "songsesoon_ex1", "songsesoon_ex1\songsesoon_ex1.csproj", "{995D1A67-882C-4A97-A215-80EB6D0DBB9A}"
EndProject
Global
	GlobalSection(SolutionConfigurationPlatforms) = preSolution
		Debug|Any CPU = Debug|Any CPU
		Release|Any CPU = Release|Any CPU
	EndGlobalSection
	GlobalSection(ProjectConfigurationPlatforms) = postSolution
		{529153A6-DE94-4E2B-94D8-BFEB5D45994A}.Debug|Any CPU.ActiveCfg = Debug|Any CPU
		{529153A6-DE94-4E2B-94D8-BFEB5D45994A}.Debug|Any CPU.Build.0 = Debug|Any CPU
		{529153A6-DE94-4E2B-94D8-BFEB5D45994A}.Release|Any CPU.ActiveCfg = Release|Any CPU
		{529153A6-DE94-4E2B-94D8-BFEB5D45994A}.Release|Any CPU.Build.0 = Release|Any CPU
		{995D1A67-882C-4A97-A215-80EB6D0DBB9A}.Debug|Any CPU.ActiveCfg = Debug|Any CPU
		{995D1A67-882C-4A97-A215-80EB6D0DBB9A}.Debug|Any CPU.Build.0 = Debug|Any CPU
		{995D1A67-882C-4A97-A215-80EB6D0DBB9A}.Release|Any CPU.ActiveCfg = Release|Any CPU
		{995D1A67-882C-4A97-A215-80EB6D0DBB9A}.Release|Any CPU.Build.0 = Release|Any CPU
	EndGlobalSection
	GlobalSection(SolutionProperties) = preSolution
		HideSolutionNode = FALSE
	EndGlobalSection
	GlobalSection(ExtensibilityGlobals) = postSolution
		SolutionGuid = {0C03E59A-F2DE-4D69-BB5F-BAF5CFF1395E}
	EndGlobalSection
EndGlobal
