
Microsoft Visual Studio Solution File, Format Version 12.00
# Visual Studio Version 16
VisualStudioVersion = 16.0.33328.57
MinimumVisualStudioVersion = 10.0.40219.1
Project("{FAE04EC0-301F-11D3-BF4B-00C04F79EFBC}") = "Method", "Method\Method.csproj", "{529153A6-DE94-4E2B-94D8-BFEB5D45994A}"
EndProject
Project("{FAE04EC0-301F-11D3-BF4B-00C04F79EFBC}") = "songsesoon_ex1", "songsesoon_ex1\songsesoon_ex1.csproj", "{995D1A67-882C-4A97-A215-80EB6D0DBB9A}"
EndProject
Project("{FAE04EC0-301F-11D3-BF4B-00C04F79EFBC}") = "Fibonacci", "Fibonacci\Fibonacci.csproj", "{646BEB7A-B204-4B61-A0D4-52DB9109CEE5}"
EndProject
Project("{FAE04EC0-301F-11D3-BF4B-00C04F79EFBC}") = "SwapByVolue", "SwapByVolue\SwapByVolue.csproj", "{B9FC8B5E-1A1E-4822-AEF4-5B552A1DCAC1}"
EndProject
Project("{FAE04EC0-301F-11D3-BF4B-00C04F79EFBC}") = "SwapByRef", "SwapByRef\SwapByRef.csproj", "{C63D2C3B-F1B1-4F6D-B01F-9815E8C3A006}"
EndProject
Project("{FAE04EC0-301F-11D3-BF4B-00C04F79EFBC}") = "RefReturn", "RefReturn\RefReturn.csproj", "{595092E1-B302-4FD6-A3D0-C9AB9E5D64B1}"
EndProject
Project("{FAE04EC0-301F-11D3-BF4B-00C04F79EFBC}") = "UsingOut", "UsingOut\UsingOut.csproj", "{F8360423-7258-4DB7-AC75-4C52B4B7F263}"
EndProject
Project("{FAE04EC0-301F-11D3-BF4B-00C04F79EFBC}") = "Overloading", "Overloading\Overloading.csproj", "{65E6EB4B-6BFD-4765-A247-CF4F6DFE494C}"
EndProject
Project("{FAE04EC0-301F-11D3-BF4B-00C04F79EFBC}") = "UsingParams", "UsingParams\UsingParams.csproj", "{4B2EC60F-25D3-40D2-9093-3782E27CA919}"
EndProject
Global
	GlobalSection(SolutionConfigurationPlatforms) = preSolution
		Debug|Any CPU = Debug|Any CPU
		Release|Any CPU = Release|Any CPU
	EndGlobalSection
	GlobalSection(ProjectConfigurationPlatforms) = postSolution
		{529153A6-DE94-4E2B-94D8-BFEB5D45994A}.Debug|Any CPU.ActiveCfg = Debug|Any CPU
		{529153A6-DE94-4E2B-94D8-BFEB5D45994A}.Debug|Any CPU.Build.0 = Debug|Any CPU
		{529153A6-DE94-4E2B-94D8-BFEB5D45994A}.Release|Any CPU.ActiveCfg = Release|Any CPU
		{529153A6-DE94-4E2B-94D8-BFEB5D45994A}.Release|Any CPU.Build.0 = Release|Any CPU
		{995D1A67-882C-4A97-A215-80EB6D0DBB9A}.Debug|Any CPU.ActiveCfg = Debug|Any CPU
		{995D1A67-882C-4A97-A215-80EB6D0DBB9A}.Debug|Any CPU.Build.0 = Debug|Any CPU
		{995D1A67-882C-4A97-A215-80EB6D0DBB9A}.Release|Any CPU.ActiveCfg = Release|Any CPU
		{995D1A67-882C-4A97-A215-80EB6D0DBB9A}.Release|Any CPU.Build.0 = Release|Any CPU
		{646BEB7A-B204-4B61-A0D4-52DB9109CEE5}.Debug|Any CPU.ActiveCfg = Debug|Any CPU
		{646BEB7A-B204-4B61-A0D4-52DB9109CEE5}.Debug|Any CPU.Build.0 = Debug|Any CPU
		{646BEB7A-B204-4B61-A0D4-52DB9109CEE5}.Release|Any CPU.ActiveCfg = Release|Any CPU
		{646BEB7A-B204-4B61-A0D4-52DB9109CEE5}.Release|Any CPU.Build.0 = Release|Any CPU
		{B9FC8B5E-1A1E-4822-AEF4-5B552A1DCAC1}.Debug|Any CPU.ActiveCfg = Debug|Any CPU
		{B9FC8B5E-1A1E-4822-AEF4-5B552A1DCAC1}.Debug|Any CPU.Build.0 = Debug|Any CPU
		{B9FC8B5E-1A1E-4822-AEF4-5B552A1DCAC1}.Release|Any CPU.ActiveCfg = Release|Any CPU
		{B9FC8B5E-1A1E-4822-AEF4-5B552A1DCAC1}.Release|Any CPU.Build.0 = Release|Any CPU
		{C63D2C3B-F1B1-4F6D-B01F-9815E8C3A006}.Debug|Any CPU.ActiveCfg = Debug|Any CPU
		{C63D2C3B-F1B1-4F6D-B01F-9815E8C3A006}.Debug|Any CPU.Build.0 = Debug|Any CPU
		{C63D2C3B-F1B1-4F6D-B01F-9815E8C3A006}.Release|Any CPU.ActiveCfg = Release|Any CPU
		{C63D2C3B-F1B1-4F6D-B01F-9815E8C3A006}.Release|Any CPU.Build.0 = Release|Any CPU
		{595092E1-B302-4FD6-A3D0-C9AB9E5D64B1}.Debug|Any CPU.ActiveCfg = Debug|Any CPU
		{595092E1-B302-4FD6-A3D0-C9AB9E5D64B1}.Debug|Any CPU.Build.0 = Debug|Any CPU
		{595092E1-B302-4FD6-A3D0-C9AB9E5D64B1}.Release|Any CPU.ActiveCfg = Release|Any CPU
		{595092E1-B302-4FD6-A3D0-C9AB9E5D64B1}.Release|Any CPU.Build.0 = Release|Any CPU
		{F8360423-7258-4DB7-AC75-4C52B4B7F263}.Debug|Any CPU.ActiveCfg = Debug|Any CPU
		{F8360423-7258-4DB7-AC75-4C52B4B7F263}.Debug|Any CPU.Build.0 = Debug|Any CPU
		{F8360423-7258-4DB7-AC75-4C52B4B7F263}.Release|Any CPU.ActiveCfg = Release|Any CPU
		{F8360423-7258-4DB7-AC75-4C52B4B7F263}.Release|Any CPU.Build.0 = Release|Any CPU
		{65E6EB4B-6BFD-4765-A247-CF4F6DFE494C}.Debug|Any CPU.ActiveCfg = Debug|Any CPU
		{65E6EB4B-6BFD-4765-A247-CF4F6DFE494C}.Debug|Any CPU.Build.0 = Debug|Any CPU
		{65E6EB4B-6BFD-4765-A247-CF4F6DFE494C}.Release|Any CPU.ActiveCfg = Release|Any CPU
		{65E6EB4B-6BFD-4765-A247-CF4F6DFE494C}.Release|Any CPU.Build.0 = Release|Any CPU
		{4B2EC60F-25D3-40D2-9093-3782E27CA919}.Debug|Any CPU.ActiveCfg = Debug|Any CPU
		{4B2EC60F-25D3-40D2-9093-3782E27CA919}.Debug|Any CPU.Build.0 = Debug|Any CPU
		{4B2EC60F-25D3-40D2-9093-3782E27CA919}.Release|Any CPU.ActiveCfg = Release|Any CPU
		{4B2EC60F-25D3-40D2-9093-3782E27CA919}.Release|Any CPU.Build.0 = Release|Any CPU
	EndGlobalSection
	GlobalSection(SolutionProperties) = preSolution
		HideSolutionNode = FALSE
	EndGlobalSection
	GlobalSection(ExtensibilityGlobals) = postSolution
		SolutionGuid = {0C03E59A-F2DE-4D69-BB5F-BAF5CFF1395E}
	EndGlobalSection
EndGlobal
